
Microsoft Visual Studio Solution File, Format Version 12.00
# Visual Studio Version 17
VisualStudioVersion = 17.14.36202.13 d17.14
MinimumVisualStudioVersion = 10.0.40219.1
Project("{D2ABAB84-BF74-430A-B69E-9DC6D40DDA17}") = "capstone for cubes", "capstone for cubes.dwproj", "{2A77BA47-2082-CB38-435B-E4709366639D}"
EndProject
Global
	GlobalSection(SolutionConfigurationPlatforms) = preSolution
		Development|Default = Development|Default
	EndGlobalSection
	GlobalSection(ProjectConfigurationPlatforms) = postSolution
		{2A77BA47-2082-CB38-435B-E4709366639D}.Development|Default.ActiveCfg = Development
		{2A77BA47-2082-CB38-435B-E4709366639D}.Development|Default.Build.0 = Development
		{2A77BA47-2082-CB38-435B-E4709366639D}.Development|Default.Deploy.0 = Development
	EndGlobalSection
	GlobalSection(SolutionProperties) = preSolution
		HideSolutionNode = FALSE
	EndGlobalSection
	GlobalSection(ExtensibilityGlobals) = postSolution
		SolutionGuid = {96DBB87C-DF48-4516-A2ED-C275D77034C3}
	EndGlobalSection
EndGlobal
